// !$*UTF8*$!
{
	archiveVersion = 1;
	classes = {
	};
	objectVersion = 46;
	objects = {

/* Begin PBXBuildFile section */
		010C4D3217FBB2D90015C86D /* Cocoa.framework in Frameworks */ = {isa = PBXBuildFile; fileRef = 010C4D3117FBB2D90015C86D /* Cocoa.framework */; };
		010C4D4817FBB2DA0015C86D /* Cocoa.framework in Frameworks */ = {isa = PBXBuildFile; fileRef = 010C4D3117FBB2D90015C86D /* Cocoa.framework */; };
		010C4D4B17FBB2DA0015C86D /* EmbeddedJvm.framework in Frameworks */ = {isa = PBXBuildFile; fileRef = 010C4D2E17FBB2D90015C86D /* EmbeddedJvm.framework */; };
		010C4D5117FBB2DA0015C86D /* InfoPlist.strings in Resources */ = {isa = PBXBuildFile; fileRef = 010C4D4F17FBB2DA0015C86D /* InfoPlist.strings */; };
		010C4D6717FBB69F0015C86D /* classfile_constants.h in Headers */ = {isa = PBXBuildFile; fileRef = 010C4D5E17FBB69F0015C86D /* classfile_constants.h */; };
		010C4D6817FBB69F0015C86D /* jawt_md.h in Headers */ = {isa = PBXBuildFile; fileRef = 010C4D6017FBB69F0015C86D /* jawt_md.h */; };
		010C4D6917FBB69F0015C86D /* jni_md.h in Headers */ = {isa = PBXBuildFile; fileRef = 010C4D6117FBB69F0015C86D /* jni_md.h */; settings = {ATTRIBUTES = (Public, ); }; };
		010C4D6A17FBB69F0015C86D /* jawt.h in Headers */ = {isa = PBXBuildFile; fileRef = 010C4D6217FBB69F0015C86D /* jawt.h */; };
		010C4D6B17FBB69F0015C86D /* jdwpTransport.h in Headers */ = {isa = PBXBuildFile; fileRef = 010C4D6317FBB69F0015C86D /* jdwpTransport.h */; };
		010C4D6C17FBB69F0015C86D /* jni.h in Headers */ = {isa = PBXBuildFile; fileRef = 010C4D6417FBB69F0015C86D /* jni.h */; settings = {ATTRIBUTES = (Public, ); }; };
		010C4D6D17FBB69F0015C86D /* jvmti.h in Headers */ = {isa = PBXBuildFile; fileRef = 010C4D6517FBB69F0015C86D /* jvmti.h */; };
		010C4D6E17FBB69F0015C86D /* jvmticmlr.h in Headers */ = {isa = PBXBuildFile; fileRef = 010C4D6617FBB69F0015C86D /* jvmticmlr.h */; };
		011DA20D17FDAFEB00CCD96A /* XCTest.framework in Frameworks */ = {isa = PBXBuildFile; fileRef = 010C4D4617FBB2DA0015C86D /* XCTest.framework */; };
		0127551C18D4C9BC0086234A /* Java in Resources */ = {isa = PBXBuildFile; fileRef = 0127551B18D4C9BC0086234A /* Java */; };
		013D913919536F380090DB00 /* EJThriftChannel.h in Headers */ = {isa = PBXBuildFile; fileRef = 013D913719536F380090DB00 /* EJThriftChannel.h */; };
		013D913A19536F380090DB00 /* EJThriftChannel.mm in Sources */ = {isa = PBXBuildFile; fileRef = 013D913819536F380090DB00 /* EJThriftChannel.mm */; };
		014DC17318C79D5E00E939E5 /* EJClass.h in Headers */ = {isa = PBXBuildFile; fileRef = 014DC16F18C79D5E00E939E5 /* EJClass.h */; };
		014DC17418C79D5E00E939E5 /* EJClass.mm in Sources */ = {isa = PBXBuildFile; fileRef = 014DC17018C79D5E00E939E5 /* EJClass.mm */; };
		014DC17518C79D5E00E939E5 /* EJJvm.h in Headers */ = {isa = PBXBuildFile; fileRef = 014DC17118C79D5E00E939E5 /* EJJvm.h */; };
		014DC17618C79D5E00E939E5 /* EJJvm.mm in Sources */ = {isa = PBXBuildFile; fileRef = 014DC17218C79D5E00E939E5 /* EJJvm.mm */; };
		015336E717FDB0F3001D4DD4 /* EmbeddedJvmTests.mm in Sources */ = {isa = PBXBuildFile; fileRef = 011DA20B17FDAF1500CCD96A /* EmbeddedJvmTests.mm */; };
		015336EC17FDBA26001D4DD4 /* EmbeddedJvm.framework in CopyFiles */ = {isa = PBXBuildFile; fileRef = 010C4D2E17FBB2D90015C86D /* EmbeddedJvm.framework */; };
		015336EE17FDC526001D4DD4 /* EmbeddedJvm.h in Headers */ = {isa = PBXBuildFile; fileRef = 015336ED17FDC526001D4DD4 /* EmbeddedJvm.h */; settings = {ATTRIBUTES = (Public, ); }; };
		0153370317FE04A6001D4DD4 /* Readme.md in Resources */ = {isa = PBXBuildFile; fileRef = 0153370217FE04A6001D4DD4 /* Readme.md */; };
		0153370417FE04B7001D4DD4 /* Readme.md in CopyFiles */ = {isa = PBXBuildFile; fileRef = 0153370217FE04A6001D4DD4 /* Readme.md */; };
		018D38E11839349E00F12EF2 /* EmbeddedJvm.podspec in Resources */ = {isa = PBXBuildFile; fileRef = 018D38E01839349E00F12EF2 /* EmbeddedJvm.podspec */; };
		01BB540E1952674500AADB92 /* EJThriftChannelTransport.h in Headers */ = {isa = PBXBuildFile; fileRef = 01BB540C1952674500AADB92 /* EJThriftChannelTransport.h */; };
		01BB540F1952674500AADB92 /* EJThriftChannelTransport.mm in Sources */ = {isa = PBXBuildFile; fileRef = 01BB540D1952674500AADB92 /* EJThriftChannelTransport.mm */; };
		01C90C17188481FA00873596 /* LICENSE.md in Resources */ = {isa = PBXBuildFile; fileRef = 01C90C16188481FA00873596 /* LICENSE.md */; };
/* End PBXBuildFile section */

/* Begin PBXContainerItemProxy section */
		010C4D4917FBB2DA0015C86D /* PBXContainerItemProxy */ = {
			isa = PBXContainerItemProxy;
			containerPortal = 010C4D2517FBB2D90015C86D /* Project object */;
			proxyType = 1;
			remoteGlobalIDString = 010C4D2D17FBB2D90015C86D;
			remoteInfo = JvmHost;
		};
/* End PBXContainerItemProxy section */

/* Begin PBXCopyFilesBuildPhase section */
		015336EB17FDBA13001D4DD4 /* CopyFiles */ = {
			isa = PBXCopyFilesBuildPhase;
			buildActionMask = 2147483647;
			dstPath = "";
			dstSubfolderSpec = 10;
			files = (
				015336EC17FDBA26001D4DD4 /* EmbeddedJvm.framework in CopyFiles */,
			);
			runOnlyForDeploymentPostprocessing = 0;
		};
		0153370117FE040F001D4DD4 /* CopyFiles */ = {
			isa = PBXCopyFilesBuildPhase;
			buildActionMask = 2147483647;
			dstPath = Documentation;
			dstSubfolderSpec = 7;
			files = (
				0153370417FE04B7001D4DD4 /* Readme.md in CopyFiles */,
			);
			runOnlyForDeploymentPostprocessing = 0;
		};
/* End PBXCopyFilesBuildPhase section */

/* Begin PBXFileReference section */
		010C4D2E17FBB2D90015C86D /* EmbeddedJvm.framework */ = {isa = PBXFileReference; explicitFileType = wrapper.framework; includeInIndex = 0; path = EmbeddedJvm.framework; sourceTree = BUILT_PRODUCTS_DIR; };
		010C4D3117FBB2D90015C86D /* Cocoa.framework */ = {isa = PBXFileReference; lastKnownFileType = wrapper.framework; name = Cocoa.framework; path = System/Library/Frameworks/Cocoa.framework; sourceTree = SDKROOT; };
		010C4D3417FBB2D90015C86D /* Foundation.framework */ = {isa = PBXFileReference; lastKnownFileType = wrapper.framework; name = Foundation.framework; path = System/Library/Frameworks/Foundation.framework; sourceTree = SDKROOT; };
		010C4D3517FBB2D90015C86D /* CoreData.framework */ = {isa = PBXFileReference; lastKnownFileType = wrapper.framework; name = CoreData.framework; path = System/Library/Frameworks/CoreData.framework; sourceTree = SDKROOT; };
		010C4D3617FBB2D90015C86D /* AppKit.framework */ = {isa = PBXFileReference; lastKnownFileType = wrapper.framework; name = AppKit.framework; path = System/Library/Frameworks/AppKit.framework; sourceTree = SDKROOT; };
		010C4D3917FBB2D90015C86D /* EmbeddedJvm-Info.plist */ = {isa = PBXFileReference; lastKnownFileType = text.plist.xml; path = "EmbeddedJvm-Info.plist"; sourceTree = "<group>"; };
		010C4D3B17FBB2D90015C86D /* en */ = {isa = PBXFileReference; lastKnownFileType = text.plist.strings; name = en; path = en.lproj/InfoPlist.strings; sourceTree = "<group>"; };
		010C4D3D17FBB2DA0015C86D /* EmbeddedJvm-Prefix.pch */ = {isa = PBXFileReference; lastKnownFileType = sourcecode.c.h; path = "EmbeddedJvm-Prefix.pch"; sourceTree = "<group>"; };
		010C4D4517FBB2DA0015C86D /* EmbeddedJvmTests.xctest */ = {isa = PBXFileReference; explicitFileType = wrapper.cfbundle; includeInIndex = 0; path = EmbeddedJvmTests.xctest; sourceTree = BUILT_PRODUCTS_DIR; };
		010C4D4617FBB2DA0015C86D /* XCTest.framework */ = {isa = PBXFileReference; lastKnownFileType = wrapper.framework; name = XCTest.framework; path = Library/Frameworks/XCTest.framework; sourceTree = DEVELOPER_DIR; };
		010C4D4E17FBB2DA0015C86D /* EmbeddedJvmTests-Info.plist */ = {isa = PBXFileReference; lastKnownFileType = text.plist.xml; path = "EmbeddedJvmTests-Info.plist"; sourceTree = "<group>"; };
		010C4D5017FBB2DA0015C86D /* en */ = {isa = PBXFileReference; lastKnownFileType = text.plist.strings; name = en; path = en.lproj/InfoPlist.strings; sourceTree = "<group>"; };
		010C4D5E17FBB69F0015C86D /* classfile_constants.h */ = {isa = PBXFileReference; fileEncoding = 4; lastKnownFileType = sourcecode.c.h; path = classfile_constants.h; sourceTree = "<group>"; };
		010C4D6017FBB69F0015C86D /* jawt_md.h */ = {isa = PBXFileReference; fileEncoding = 4; lastKnownFileType = sourcecode.c.h; path = jawt_md.h; sourceTree = "<group>"; };
		010C4D6117FBB69F0015C86D /* jni_md.h */ = {isa = PBXFileReference; fileEncoding = 4; lastKnownFileType = sourcecode.c.h; path = jni_md.h; sourceTree = "<group>"; };
		010C4D6217FBB69F0015C86D /* jawt.h */ = {isa = PBXFileReference; fileEncoding = 4; lastKnownFileType = sourcecode.c.h; path = jawt.h; sourceTree = "<group>"; };
		010C4D6317FBB69F0015C86D /* jdwpTransport.h */ = {isa = PBXFileReference; fileEncoding = 4; lastKnownFileType = sourcecode.c.h; path = jdwpTransport.h; sourceTree = "<group>"; };
		010C4D6417FBB69F0015C86D /* jni.h */ = {isa = PBXFileReference; fileEncoding = 4; lastKnownFileType = sourcecode.c.h; path = jni.h; sourceTree = "<group>"; };
		010C4D6517FBB69F0015C86D /* jvmti.h */ = {isa = PBXFileReference; fileEncoding = 4; lastKnownFileType = sourcecode.c.h; path = jvmti.h; sourceTree = "<group>"; };
		010C4D6617FBB69F0015C86D /* jvmticmlr.h */ = {isa = PBXFileReference; fileEncoding = 4; lastKnownFileType = sourcecode.c.h; path = jvmticmlr.h; sourceTree = "<group>"; };
		011DA20B17FDAF1500CCD96A /* EmbeddedJvmTests.mm */ = {isa = PBXFileReference; fileEncoding = 4; lastKnownFileType = sourcecode.cpp.objcpp; name = EmbeddedJvmTests.mm; path = ../EmbeddedJvmTests/EmbeddedJvmTests.mm; sourceTree = "<group>"; };
		0127551B18D4C9BC0086234A /* Java */ = {isa = PBXFileReference; lastKnownFileType = folder; path = Java; sourceTree = "<group>"; };
		013D913719536F380090DB00 /* EJThriftChannel.h */ = {isa = PBXFileReference; fileEncoding = 4; lastKnownFileType = sourcecode.c.h; name = EJThriftChannel.h; path = Thrift/EJThriftChannel.h; sourceTree = "<group>"; };
		013D913819536F380090DB00 /* EJThriftChannel.mm */ = {isa = PBXFileReference; fileEncoding = 4; lastKnownFileType = sourcecode.cpp.objcpp; name = EJThriftChannel.mm; path = Thrift/EJThriftChannel.mm; sourceTree = "<group>"; };
		014DC16F18C79D5E00E939E5 /* EJClass.h */ = {isa = PBXFileReference; fileEncoding = 4; lastKnownFileType = sourcecode.c.h; path = EJClass.h; sourceTree = "<group>"; };
		014DC17018C79D5E00E939E5 /* EJClass.mm */ = {isa = PBXFileReference; fileEncoding = 4; lastKnownFileType = sourcecode.cpp.objcpp; path = EJClass.mm; sourceTree = "<group>"; };
		014DC17118C79D5E00E939E5 /* EJJvm.h */ = {isa = PBXFileReference; fileEncoding = 4; lastKnownFileType = sourcecode.c.h; path = EJJvm.h; sourceTree = "<group>"; };
		014DC17218C79D5E00E939E5 /* EJJvm.mm */ = {isa = PBXFileReference; fileEncoding = 4; lastKnownFileType = sourcecode.cpp.objcpp; path = EJJvm.mm; sourceTree = "<group>"; };
		015336ED17FDC526001D4DD4 /* EmbeddedJvm.h */ = {isa = PBXFileReference; fileEncoding = 4; lastKnownFileType = sourcecode.c.h; path = EmbeddedJvm.h; sourceTree = "<group>"; };
		0153370217FE04A6001D4DD4 /* Readme.md */ = {isa = PBXFileReference; fileEncoding = 4; lastKnownFileType = text; path = Readme.md; sourceTree = "<group>"; };
		018D38E01839349E00F12EF2 /* EmbeddedJvm.podspec */ = {isa = PBXFileReference; fileEncoding = 4; lastKnownFileType = text; path = EmbeddedJvm.podspec; sourceTree = "<group>"; };
		01BB540C1952674500AADB92 /* EJThriftChannelTransport.h */ = {isa = PBXFileReference; fileEncoding = 4; lastKnownFileType = sourcecode.c.h; name = EJThriftChannelTransport.h; path = Thrift/EJThriftChannelTransport.h; sourceTree = "<group>"; };
		01BB540D1952674500AADB92 /* EJThriftChannelTransport.mm */ = {isa = PBXFileReference; fileEncoding = 4; lastKnownFileType = sourcecode.cpp.objcpp; name = EJThriftChannelTransport.mm; path = Thrift/EJThriftChannelTransport.mm; sourceTree = "<group>"; };
		01C90C141884562600873596 /* CopyJavaToPluginsFolder.sh */ = {isa = PBXFileReference; lastKnownFileType = text.script.sh; path = CopyJavaToPluginsFolder.sh; sourceTree = "<group>"; };
		01C90C16188481FA00873596 /* LICENSE.md */ = {isa = PBXFileReference; fileEncoding = 4; lastKnownFileType = text; path = LICENSE.md; sourceTree = "<group>"; };
/* End PBXFileReference section */

/* Begin PBXFrameworksBuildPhase section */
		010C4D2A17FBB2D90015C86D /* Frameworks */ = {
			isa = PBXFrameworksBuildPhase;
			buildActionMask = 2147483647;
			files = (
				010C4D3217FBB2D90015C86D /* Cocoa.framework in Frameworks */,
			);
			runOnlyForDeploymentPostprocessing = 0;
		};
		010C4D4217FBB2DA0015C86D /* Frameworks */ = {
			isa = PBXFrameworksBuildPhase;
			buildActionMask = 2147483647;
			files = (
				011DA20D17FDAFEB00CCD96A /* XCTest.framework in Frameworks */,
				010C4D4817FBB2DA0015C86D /* Cocoa.framework in Frameworks */,
				010C4D4B17FBB2DA0015C86D /* EmbeddedJvm.framework in Frameworks */,
			);
			runOnlyForDeploymentPostprocessing = 0;
		};
/* End PBXFrameworksBuildPhase section */

/* Begin PBXGroup section */
		010C4D2417FBB2D90015C86D = {
			isa = PBXGroup;
			children = (
				0127551B18D4C9BC0086234A /* Java */,
				01C90C16188481FA00873596 /* LICENSE.md */,
				01C90C141884562600873596 /* CopyJavaToPluginsFolder.sh */,
				018D38E01839349E00F12EF2 /* EmbeddedJvm.podspec */,
				0153370217FE04A6001D4DD4 /* Readme.md */,
				010C4D3717FBB2D90015C86D /* EmbeddedJvm */,
				010C4D4C17FBB2DA0015C86D /* EmbeddedJvmTests */,
				010C4D3017FBB2D90015C86D /* Frameworks */,
				010C4D2F17FBB2D90015C86D /* Products */,
			);
			sourceTree = "<group>";
		};
		010C4D2F17FBB2D90015C86D /* Products */ = {
			isa = PBXGroup;
			children = (
				010C4D2E17FBB2D90015C86D /* EmbeddedJvm.framework */,
				010C4D4517FBB2DA0015C86D /* EmbeddedJvmTests.xctest */,
			);
			name = Products;
			sourceTree = "<group>";
		};
		010C4D3017FBB2D90015C86D /* Frameworks */ = {
			isa = PBXGroup;
			children = (
				010C4D3117FBB2D90015C86D /* Cocoa.framework */,
				010C4D4617FBB2DA0015C86D /* XCTest.framework */,
				010C4D3317FBB2D90015C86D /* Other Frameworks */,
			);
			name = Frameworks;
			sourceTree = "<group>";
		};
		010C4D3317FBB2D90015C86D /* Other Frameworks */ = {
			isa = PBXGroup;
			children = (
				010C4D3417FBB2D90015C86D /* Foundation.framework */,
				010C4D3517FBB2D90015C86D /* CoreData.framework */,
				010C4D3617FBB2D90015C86D /* AppKit.framework */,
			);
			name = "Other Frameworks";
			sourceTree = "<group>";
		};
		010C4D3717FBB2D90015C86D /* EmbeddedJvm */ = {
			isa = PBXGroup;
			children = (
				014DC16F18C79D5E00E939E5 /* EJClass.h */,
				014DC17018C79D5E00E939E5 /* EJClass.mm */,
				014DC17118C79D5E00E939E5 /* EJJvm.h */,
				014DC17218C79D5E00E939E5 /* EJJvm.mm */,
				010C4D5C17FBB69F0015C86D /* jdk */,
				015336ED17FDC526001D4DD4 /* EmbeddedJvm.h */,
				010C4D3817FBB2D90015C86D /* Supporting Files */,
				01BB54101952675100AADB92 /* Thrift */,
			);
			path = EmbeddedJvm;
			sourceTree = "<group>";
		};
		010C4D3817FBB2D90015C86D /* Supporting Files */ = {
			isa = PBXGroup;
			children = (
				010C4D3917FBB2D90015C86D /* EmbeddedJvm-Info.plist */,
				010C4D3A17FBB2D90015C86D /* InfoPlist.strings */,
				010C4D3D17FBB2DA0015C86D /* EmbeddedJvm-Prefix.pch */,
			);
			name = "Supporting Files";
			sourceTree = "<group>";
		};
		010C4D4C17FBB2DA0015C86D /* EmbeddedJvmTests */ = {
			isa = PBXGroup;
			children = (
				011DA20B17FDAF1500CCD96A /* EmbeddedJvmTests.mm */,
				010C4D4D17FBB2DA0015C86D /* Supporting Files */,
			);
			path = EmbeddedJvmTests;
			sourceTree = "<group>";
		};
		010C4D4D17FBB2DA0015C86D /* Supporting Files */ = {
			isa = PBXGroup;
			children = (
				010C4D4E17FBB2DA0015C86D /* EmbeddedJvmTests-Info.plist */,
				010C4D4F17FBB2DA0015C86D /* InfoPlist.strings */,
			);
			name = "Supporting Files";
			sourceTree = "<group>";
		};
		010C4D5C17FBB69F0015C86D /* jdk */ = {
			isa = PBXGroup;
			children = (
				010C4D5D17FBB69F0015C86D /* include */,
			);
			path = jdk;
			sourceTree = "<group>";
		};
		010C4D5D17FBB69F0015C86D /* include */ = {
			isa = PBXGroup;
			children = (
				010C4D5E17FBB69F0015C86D /* classfile_constants.h */,
				010C4D5F17FBB69F0015C86D /* darwin */,
				010C4D6217FBB69F0015C86D /* jawt.h */,
				010C4D6317FBB69F0015C86D /* jdwpTransport.h */,
				010C4D6417FBB69F0015C86D /* jni.h */,
				010C4D6517FBB69F0015C86D /* jvmti.h */,
				010C4D6617FBB69F0015C86D /* jvmticmlr.h */,
			);
			path = include;
			sourceTree = "<group>";
		};
		010C4D5F17FBB69F0015C86D /* darwin */ = {
			isa = PBXGroup;
			children = (
				010C4D6017FBB69F0015C86D /* jawt_md.h */,
				010C4D6117FBB69F0015C86D /* jni_md.h */,
			);
			path = darwin;
			sourceTree = "<group>";
		};
		01BB54101952675100AADB92 /* Thrift */ = {
			isa = PBXGroup;
			children = (
				01BB540C1952674500AADB92 /* EJThriftChannelTransport.h */,
				01BB540D1952674500AADB92 /* EJThriftChannelTransport.mm */,
				013D913719536F380090DB00 /* EJThriftChannel.h */,
				013D913819536F380090DB00 /* EJThriftChannel.mm */,
			);
			name = Thrift;
			sourceTree = "<group>";
		};
/* End PBXGroup section */

/* Begin PBXHeadersBuildPhase section */
		010C4D2B17FBB2D90015C86D /* Headers */ = {
			isa = PBXHeadersBuildPhase;
			buildActionMask = 2147483647;
			files = (
				015336EE17FDC526001D4DD4 /* EmbeddedJvm.h in Headers */,
				010C4D6C17FBB69F0015C86D /* jni.h in Headers */,
				010C4D6917FBB69F0015C86D /* jni_md.h in Headers */,
				010C4D6D17FBB69F0015C86D /* jvmti.h in Headers */,
				014DC17518C79D5E00E939E5 /* EJJvm.h in Headers */,
				014DC17318C79D5E00E939E5 /* EJClass.h in Headers */,
				010C4D6E17FBB69F0015C86D /* jvmticmlr.h in Headers */,
				010C4D6B17FBB69F0015C86D /* jdwpTransport.h in Headers */,
				013D913919536F380090DB00 /* EJThriftChannel.h in Headers */,
				010C4D6717FBB69F0015C86D /* classfile_constants.h in Headers */,
				01BB540E1952674500AADB92 /* EJThriftChannelTransport.h in Headers */,
				010C4D6A17FBB69F0015C86D /* jawt.h in Headers */,
				010C4D6817FBB69F0015C86D /* jawt_md.h in Headers */,
			);
			runOnlyForDeploymentPostprocessing = 0;
		};
/* End PBXHeadersBuildPhase section */

/* Begin PBXNativeTarget section */
		010C4D2D17FBB2D90015C86D /* EmbeddedJvm */ = {
			isa = PBXNativeTarget;
			buildConfigurationList = 010C4D5617FBB2DA0015C86D /* Build configuration list for PBXNativeTarget "EmbeddedJvm" */;
			buildPhases = (
				010C4D2917FBB2D90015C86D /* Sources */,
				010C4D2A17FBB2D90015C86D /* Frameworks */,
				010C4D2B17FBB2D90015C86D /* Headers */,
				010C4D2C17FBB2D90015C86D /* Resources */,
				0153370117FE040F001D4DD4 /* CopyFiles */,
				012C0AC018C02325007F0151 /* ShellScript */,
			);
			buildRules = (
			);
			dependencies = (
			);
			name = EmbeddedJvm;
			productName = JvmHost;
			productReference = 010C4D2E17FBB2D90015C86D /* EmbeddedJvm.framework */;
			productType = "com.apple.product-type.framework";
		};
		010C4D4417FBB2DA0015C86D /* EmbeddedJvmTests */ = {
			isa = PBXNativeTarget;
			buildConfigurationList = 010C4D5917FBB2DA0015C86D /* Build configuration list for PBXNativeTarget "EmbeddedJvmTests" */;
			buildPhases = (
				010C4D4117FBB2DA0015C86D /* Sources */,
				010C4D4217FBB2DA0015C86D /* Frameworks */,
				010C4D4317FBB2DA0015C86D /* Resources */,
				015336EB17FDBA13001D4DD4 /* CopyFiles */,
			);
			buildRules = (
			);
			dependencies = (
				010C4D4A17FBB2DA0015C86D /* PBXTargetDependency */,
			);
			name = EmbeddedJvmTests;
			productName = JvmHostTests;
			productReference = 010C4D4517FBB2DA0015C86D /* EmbeddedJvmTests.xctest */;
			productType = "com.apple.product-type.bundle.unit-test";
		};
/* End PBXNativeTarget section */

/* Begin PBXProject section */
		010C4D2517FBB2D90015C86D /* Project object */ = {
			isa = PBXProject;
			attributes = {
				LastUpgradeCheck = 0510;
				ORGANIZATIONNAME = Futurose;
				TargetAttributes = {
					010C4D4417FBB2DA0015C86D = {
						TestTargetID = 010C4D2D17FBB2D90015C86D;
					};
				};
			};
			buildConfigurationList = 010C4D2817FBB2D90015C86D /* Build configuration list for PBXProject "EmbeddedJvm" */;
			compatibilityVersion = "Xcode 3.2";
			developmentRegion = English;
			hasScannedForEncodings = 0;
			knownRegions = (
				en,
			);
			mainGroup = 010C4D2417FBB2D90015C86D;
			productRefGroup = 010C4D2F17FBB2D90015C86D /* Products */;
			projectDirPath = "";
			projectRoot = "";
			targets = (
				010C4D2D17FBB2D90015C86D /* EmbeddedJvm */,
				010C4D4417FBB2DA0015C86D /* EmbeddedJvmTests */,
			);
		};
/* End PBXProject section */

/* Begin PBXResourcesBuildPhase section */
		010C4D2C17FBB2D90015C86D /* Resources */ = {
			isa = PBXResourcesBuildPhase;
			buildActionMask = 2147483647;
			files = (
				018D38E11839349E00F12EF2 /* EmbeddedJvm.podspec in Resources */,
				01C90C17188481FA00873596 /* LICENSE.md in Resources */,
				0127551C18D4C9BC0086234A /* Java in Resources */,
				0153370317FE04A6001D4DD4 /* Readme.md in Resources */,
			);
			runOnlyForDeploymentPostprocessing = 0;
		};
		010C4D4317FBB2DA0015C86D /* Resources */ = {
			isa = PBXResourcesBuildPhase;
			buildActionMask = 2147483647;
			files = (
				010C4D5117FBB2DA0015C86D /* InfoPlist.strings in Resources */,
			);
			runOnlyForDeploymentPostprocessing = 0;
		};
/* End PBXResourcesBuildPhase section */

/* Begin PBXShellScriptBuildPhase section */
		012C0AC018C02325007F0151 /* ShellScript */ = {
			isa = PBXShellScriptBuildPhase;
			buildActionMask = 2147483647;
			files = (
			);
			inputPaths = (
			);
			outputPaths = (
			);
			runOnlyForDeploymentPostprocessing = 0;
			shellPath = /bin/sh;
			shellScript = "/usr/local/bin/appledoc -o Docs --project-name EmbeddedJvm --project-company Futurose --company-id com.futurose.embeddedjvm --create-docset ${SOURCE_ROOT}/EmbeddedJvm/*.mm EmbeddedJvm/*.h";
		};
/* End PBXShellScriptBuildPhase section */

/* Begin PBXSourcesBuildPhase section */
		010C4D2917FBB2D90015C86D /* Sources */ = {
			isa = PBXSourcesBuildPhase;
			buildActionMask = 2147483647;
			files = (
				014DC17418C79D5E00E939E5 /* EJClass.mm in Sources */,
				013D913A19536F380090DB00 /* EJThriftChannel.mm in Sources */,
				01BB540F1952674500AADB92 /* EJThriftChannelTransport.mm in Sources */,
				014DC17618C79D5E00E939E5 /* EJJvm.mm in Sources */,
			);
			runOnlyForDeploymentPostprocessing = 0;
		};
		010C4D4117FBB2DA0015C86D /* Sources */ = {
			isa = PBXSourcesBuildPhase;
			buildActionMask = 2147483647;
			files = (
				015336E717FDB0F3001D4DD4 /* EmbeddedJvmTests.mm in Sources */,
			);
			runOnlyForDeploymentPostprocessing = 0;
		};
/* End PBXSourcesBuildPhase section */

/* Begin PBXTargetDependency section */
		010C4D4A17FBB2DA0015C86D /* PBXTargetDependency */ = {
			isa = PBXTargetDependency;
			target = 010C4D2D17FBB2D90015C86D /* EmbeddedJvm */;
			targetProxy = 010C4D4917FBB2DA0015C86D /* PBXContainerItemProxy */;
		};
/* End PBXTargetDependency section */

/* Begin PBXVariantGroup section */
		010C4D3A17FBB2D90015C86D /* InfoPlist.strings */ = {
			isa = PBXVariantGroup;
			children = (
				010C4D3B17FBB2D90015C86D /* en */,
			);
			name = InfoPlist.strings;
			sourceTree = "<group>";
		};
		010C4D4F17FBB2DA0015C86D /* InfoPlist.strings */ = {
			isa = PBXVariantGroup;
			children = (
				010C4D5017FBB2DA0015C86D /* en */,
			);
			name = InfoPlist.strings;
			sourceTree = "<group>";
		};
/* End PBXVariantGroup section */

/* Begin XCBuildConfiguration section */
		010C4D5417FBB2DA0015C86D /* Debug */ = {
			isa = XCBuildConfiguration;
			buildSettings = {
				ALWAYS_SEARCH_USER_PATHS = NO;
				CLANG_CXX_LANGUAGE_STANDARD = "compiler-default";
				CLANG_CXX_LIBRARY = "compiler-default";
				CLANG_ENABLE_OBJC_ARC = YES;
				CLANG_WARN_BOOL_CONVERSION = YES;
				CLANG_WARN_CONSTANT_CONVERSION = YES;
				CLANG_WARN_DIRECT_OBJC_ISA_USAGE = YES_ERROR;
				CLANG_WARN_EMPTY_BODY = YES;
				CLANG_WARN_ENUM_CONVERSION = YES;
				CLANG_WARN_INT_CONVERSION = YES;
				CLANG_WARN_OBJC_ROOT_CLASS = YES_ERROR;
				CLANG_WARN__DUPLICATE_METHOD_MATCH = YES;
				COPY_PHASE_STRIP = NO;
				GCC_C_LANGUAGE_STANDARD = "compiler-default";
				GCC_DYNAMIC_NO_PIC = NO;
				GCC_ENABLE_OBJC_EXCEPTIONS = YES;
				GCC_OPTIMIZATION_LEVEL = 0;
				GCC_PREPROCESSOR_DEFINITIONS = (
					"DEBUG=1",
					"$(inherited)",
				);
				GCC_SYMBOLS_PRIVATE_EXTERN = NO;
				GCC_WARN_64_TO_32_BIT_CONVERSION = YES;
				GCC_WARN_ABOUT_RETURN_TYPE = YES_ERROR;
				GCC_WARN_UNDECLARED_SELECTOR = YES;
				GCC_WARN_UNINITIALIZED_AUTOS = YES;
				GCC_WARN_UNUSED_FUNCTION = YES;
				GCC_WARN_UNUSED_VARIABLE = YES;
				HEADER_SEARCH_PATHS = (
					"$(inherited)",
					/Applications/Xcode.app/Contents/Developer/Toolchains/XcodeDefault.xctoolchain/usr/include,
					"$(SRCROOT)/EmbeddedJvm/jdk/include",
				);
				LINK_WITH_STANDARD_LIBRARIES = YES;
				MACOSX_DEPLOYMENT_TARGET = 10.7;
				ONLY_ACTIVE_ARCH = YES;
				SDKROOT = macosx;
			};
			name = Debug;
		};
		010C4D5517FBB2DA0015C86D /* Release */ = {
			isa = XCBuildConfiguration;
			buildSettings = {
				ALWAYS_SEARCH_USER_PATHS = NO;
				CLANG_CXX_LANGUAGE_STANDARD = "compiler-default";
				CLANG_CXX_LIBRARY = "compiler-default";
				CLANG_ENABLE_OBJC_ARC = YES;
				CLANG_WARN_BOOL_CONVERSION = YES;
				CLANG_WARN_CONSTANT_CONVERSION = YES;
				CLANG_WARN_DIRECT_OBJC_ISA_USAGE = YES_ERROR;
				CLANG_WARN_EMPTY_BODY = YES;
				CLANG_WARN_ENUM_CONVERSION = YES;
				CLANG_WARN_INT_CONVERSION = YES;
				CLANG_WARN_OBJC_ROOT_CLASS = YES_ERROR;
				CLANG_WARN__DUPLICATE_METHOD_MATCH = YES;
				COPY_PHASE_STRIP = YES;
				DEBUG_INFORMATION_FORMAT = "dwarf-with-dsym";
				ENABLE_NS_ASSERTIONS = NO;
				GCC_C_LANGUAGE_STANDARD = "compiler-default";
				GCC_ENABLE_OBJC_EXCEPTIONS = YES;
				GCC_WARN_64_TO_32_BIT_CONVERSION = YES;
				GCC_WARN_ABOUT_RETURN_TYPE = YES_ERROR;
				GCC_WARN_UNDECLARED_SELECTOR = YES;
				GCC_WARN_UNINITIALIZED_AUTOS = YES;
				GCC_WARN_UNUSED_FUNCTION = YES;
				GCC_WARN_UNUSED_VARIABLE = YES;
				HEADER_SEARCH_PATHS = (
					"$(inherited)",
					/Applications/Xcode.app/Contents/Developer/Toolchains/XcodeDefault.xctoolchain/usr/include,
					"$(SRCROOT)/EmbeddedJvm/jdk/include",
				);
				LINK_WITH_STANDARD_LIBRARIES = YES;
				MACOSX_DEPLOYMENT_TARGET = 10.7;
				SDKROOT = macosx;
			};
			name = Release;
		};
		010C4D5717FBB2DA0015C86D /* Debug */ = {
			isa = XCBuildConfiguration;
			buildSettings = {
				COMBINE_HIDPI_IMAGES = YES;
				DYLIB_COMPATIBILITY_VERSION = 1;
				DYLIB_CURRENT_VERSION = 1;
				FRAMEWORK_VERSION = A;
				GCC_PRECOMPILE_PREFIX_HEADER = YES;
				GCC_PREFIX_HEADER = "EmbeddedJvm/EmbeddedJvm-Prefix.pch";
				INFOPLIST_FILE = "EmbeddedJvm/EmbeddedJvm-Info.plist";
				INSTALL_PATH = "@executable_path/../Frameworks";
				LIBRARY_SEARCH_PATHS = "$(inherited)";
				MACOSX_DEPLOYMENT_TARGET = 10.7;
				PRODUCT_NAME = EmbeddedJvm;
				WRAPPER_EXTENSION = framework;
			};
			name = Debug;
		};
		010C4D5817FBB2DA0015C86D /* Release */ = {
			isa = XCBuildConfiguration;
			buildSettings = {
				COMBINE_HIDPI_IMAGES = YES;
				DYLIB_COMPATIBILITY_VERSION = 1;
				DYLIB_CURRENT_VERSION = 1;
				FRAMEWORK_VERSION = A;
				GCC_PRECOMPILE_PREFIX_HEADER = YES;
				GCC_PREFIX_HEADER = "EmbeddedJvm/EmbeddedJvm-Prefix.pch";
				INFOPLIST_FILE = "EmbeddedJvm/EmbeddedJvm-Info.plist";
				INSTALL_PATH = "@executable_path/../Frameworks";
				LIBRARY_SEARCH_PATHS = "$(inherited)";
				MACOSX_DEPLOYMENT_TARGET = 10.7;
				PRODUCT_NAME = EmbeddedJvm;
				WRAPPER_EXTENSION = framework;
			};
			name = Release;
		};
		010C4D5A17FBB2DA0015C86D /* Debug */ = {
			isa = XCBuildConfiguration;
			buildSettings = {
				COMBINE_HIDPI_IMAGES = YES;
				FRAMEWORK_SEARCH_PATHS = (
					"$(DEVELOPER_FRAMEWORKS_DIR)",
					"$(inherited)",
				);
				GCC_PRECOMPILE_PREFIX_HEADER = YES;
				GCC_PREFIX_HEADER = "EmbeddedJvm/EmbeddedJvm-Prefix.pch";
				GCC_PREPROCESSOR_DEFINITIONS = (
					"DEBUG=1",
					"$(inherited)",
				);
				INFOPLIST_FILE = "EmbeddedJvmTests/EmbeddedJvmTests-Info.plist";
				MACOSX_DEPLOYMENT_TARGET = 10.7;
				PRODUCT_NAME = EmbeddedJvmTests;
				WRAPPER_EXTENSION = xctest;
			};
			name = Debug;
		};
		010C4D5B17FBB2DA0015C86D /* Release */ = {
			isa = XCBuildConfiguration;
			buildSettings = {
				COMBINE_HIDPI_IMAGES = YES;
				FRAMEWORK_SEARCH_PATHS = (
					"$(DEVELOPER_FRAMEWORKS_DIR)",
					"$(inherited)",
				);
				GCC_PRECOMPILE_PREFIX_HEADER = YES;
				GCC_PREFIX_HEADER = "EmbeddedJvm/EmbeddedJvm-Prefix.pch";
				INFOPLIST_FILE = "EmbeddedJvmTests/EmbeddedJvmTests-Info.plist";
				MACOSX_DEPLOYMENT_TARGET = 10.7;
				PRODUCT_NAME = EmbeddedJvmTests;
				WRAPPER_EXTENSION = xctest;
			};
			name = Release;
		};
/* End XCBuildConfiguration section */

/* Begin XCConfigurationList section */
		010C4D2817FBB2D90015C86D /* Build configuration list for PBXProject "EmbeddedJvm" */ = {
			isa = XCConfigurationList;
			buildConfigurations = (
				010C4D5417FBB2DA0015C86D /* Debug */,
				010C4D5517FBB2DA0015C86D /* Release */,
			);
			defaultConfigurationIsVisible = 0;
			defaultConfigurationName = Release;
		};
		010C4D5617FBB2DA0015C86D /* Build configuration list for PBXNativeTarget "EmbeddedJvm" */ = {
			isa = XCConfigurationList;
			buildConfigurations = (
				010C4D5717FBB2DA0015C86D /* Debug */,
				010C4D5817FBB2DA0015C86D /* Release */,
			);
			defaultConfigurationIsVisible = 0;
			defaultConfigurationName = Release;
		};
		010C4D5917FBB2DA0015C86D /* Build configuration list for PBXNativeTarget "EmbeddedJvmTests" */ = {
			isa = XCConfigurationList;
			buildConfigurations = (
				010C4D5A17FBB2DA0015C86D /* Debug */,
				010C4D5B17FBB2DA0015C86D /* Release */,
			);
			defaultConfigurationIsVisible = 0;
			defaultConfigurationName = Release;
		};
/* End XCConfigurationList section */
	};
	rootObject = 010C4D2517FBB2D90015C86D /* Project object */;
}
